
Microsoft Visual Studio Solution File, Format Version 12.00
# Visual Studio Version 17
VisualStudioVersion = 17.5.33516.290
MinimumVisualStudioVersion = 10.0.40219.1
Project("{FAE04EC0-301F-11D3-BF4B-00C04F79EFBC}") = "PRODUCT.API", "PRODUCT.API\PRODUCT.API.csproj", "{C3E44A52-1579-4A93-BD92-D699A455104B}"
EndProject
Project("{2150E333-8FDC-42A3-9474-1A3956D46DE8}") = "PRODUCT.DataAccessLayer", "PRODUCT.DataAccessLayer", "{818BDE0C-A6D6-4CD4-9F0C-5BF1AA115075}"
EndProject
Project("{FAE04EC0-301F-11D3-BF4B-00C04F79EFBC}") = "PRODUCT.Context", "PRODUCT.Context\PRODUCT.Context.csproj", "{18F2BDED-6804-4B8C-A1EB-C3270CF6101C}"
EndProject
Project("{FAE04EC0-301F-11D3-BF4B-00C04F79EFBC}") = "PRODUCT.DataAccess", "PRODUCT.DataAccess\PRODUCT.DataAccess.csproj", "{063B5A7F-4AD4-44F4-B313-11346B351EB2}"
EndProject
Project("{2150E333-8FDC-42A3-9474-1A3956D46DE8}") = "PRODUCT.BusinessLogicLayer", "PRODUCT.BusinessLogicLayer", "{F11FFED2-601E-4623-ABFA-BF1C9ABE4F14}"
EndProject
Project("{FAE04EC0-301F-11D3-BF4B-00C04F79EFBC}") = "PRODUCT.BusinessLayer", "PRODUCT.BusinessLayer\PRODUCT.BusinessLayer.csproj", "{CA8BAD8E-D711-487F-BC7C-6F7BA991A248}"
EndProject
Project("{2150E333-8FDC-42A3-9474-1A3956D46DE8}") = "PRODUCT.CrossCutting", "PRODUCT.CrossCutting", "{1AED4AF0-7C05-4AA6-8848-93306F074141}"
EndProject
Project("{FAE04EC0-301F-11D3-BF4B-00C04F79EFBC}") = "PRODUCT.Entities", "PRODUCT.Entities\PRODUCT.Entities.csproj", "{42890130-ADD9-4329-818A-2A257014E987}"
EndProject
Project("{FAE04EC0-301F-11D3-BF4B-00C04F79EFBC}") = "PRODUCT.Enums", "PRODUCT.Enums\PRODUCT.Enums.csproj", "{F4B15B32-D3AF-46CB-AE95-977503287FEE}"
EndProject
Project("{FAE04EC0-301F-11D3-BF4B-00C04F79EFBC}") = "PRODUCT.Logs", "PRODUCT.Logs\PRODUCT.Logs.csproj", "{2A6DE154-ADD6-4485-B211-0B208E8524E7}"
EndProject
Project("{FAE04EC0-301F-11D3-BF4B-00C04F79EFBC}") = "PRODUCT.Services", "PRODUCT.Services\PRODUCT.Services.csproj", "{B151D05F-82E9-459A-832A-DE7B30912C4D}"
EndProject
Project("{FAE04EC0-301F-11D3-BF4B-00C04F79EFBC}") = "PRODUCT.ViewModels", "PRODUCT.ViewModels\PRODUCT.ViewModels.csproj", "{C8061EC4-EF38-4BB0-861B-9EB4BB628132}"
EndProject
Global
	GlobalSection(SolutionConfigurationPlatforms) = preSolution
		Debug|Any CPU = Debug|Any CPU
		Release|Any CPU = Release|Any CPU
	EndGlobalSection
	GlobalSection(ProjectConfigurationPlatforms) = postSolution
		{C3E44A52-1579-4A93-BD92-D699A455104B}.Debug|Any CPU.ActiveCfg = Debug|Any CPU
		{C3E44A52-1579-4A93-BD92-D699A455104B}.Debug|Any CPU.Build.0 = Debug|Any CPU
		{C3E44A52-1579-4A93-BD92-D699A455104B}.Release|Any CPU.ActiveCfg = Release|Any CPU
		{C3E44A52-1579-4A93-BD92-D699A455104B}.Release|Any CPU.Build.0 = Release|Any CPU
		{18F2BDED-6804-4B8C-A1EB-C3270CF6101C}.Debug|Any CPU.ActiveCfg = Debug|Any CPU
		{18F2BDED-6804-4B8C-A1EB-C3270CF6101C}.Debug|Any CPU.Build.0 = Debug|Any CPU
		{18F2BDED-6804-4B8C-A1EB-C3270CF6101C}.Release|Any CPU.ActiveCfg = Release|Any CPU
		{18F2BDED-6804-4B8C-A1EB-C3270CF6101C}.Release|Any CPU.Build.0 = Release|Any CPU
		{063B5A7F-4AD4-44F4-B313-11346B351EB2}.Debug|Any CPU.ActiveCfg = Debug|Any CPU
		{063B5A7F-4AD4-44F4-B313-11346B351EB2}.Debug|Any CPU.Build.0 = Debug|Any CPU
		{063B5A7F-4AD4-44F4-B313-11346B351EB2}.Release|Any CPU.ActiveCfg = Release|Any CPU
		{063B5A7F-4AD4-44F4-B313-11346B351EB2}.Release|Any CPU.Build.0 = Release|Any CPU
		{CA8BAD8E-D711-487F-BC7C-6F7BA991A248}.Debug|Any CPU.ActiveCfg = Debug|Any CPU
		{CA8BAD8E-D711-487F-BC7C-6F7BA991A248}.Debug|Any CPU.Build.0 = Debug|Any CPU
		{CA8BAD8E-D711-487F-BC7C-6F7BA991A248}.Release|Any CPU.ActiveCfg = Release|Any CPU
		{CA8BAD8E-D711-487F-BC7C-6F7BA991A248}.Release|Any CPU.Build.0 = Release|Any CPU
		{42890130-ADD9-4329-818A-2A257014E987}.Debug|Any CPU.ActiveCfg = Debug|Any CPU
		{42890130-ADD9-4329-818A-2A257014E987}.Debug|Any CPU.Build.0 = Debug|Any CPU
		{42890130-ADD9-4329-818A-2A257014E987}.Release|Any CPU.ActiveCfg = Release|Any CPU
		{42890130-ADD9-4329-818A-2A257014E987}.Release|Any CPU.Build.0 = Release|Any CPU
		{F4B15B32-D3AF-46CB-AE95-977503287FEE}.Debug|Any CPU.ActiveCfg = Debug|Any CPU
		{F4B15B32-D3AF-46CB-AE95-977503287FEE}.Debug|Any CPU.Build.0 = Debug|Any CPU
		{F4B15B32-D3AF-46CB-AE95-977503287FEE}.Release|Any CPU.ActiveCfg = Release|Any CPU
		{F4B15B32-D3AF-46CB-AE95-977503287FEE}.Release|Any CPU.Build.0 = Release|Any CPU
		{2A6DE154-ADD6-4485-B211-0B208E8524E7}.Debug|Any CPU.ActiveCfg = Debug|Any CPU
		{2A6DE154-ADD6-4485-B211-0B208E8524E7}.Debug|Any CPU.Build.0 = Debug|Any CPU
		{2A6DE154-ADD6-4485-B211-0B208E8524E7}.Release|Any CPU.ActiveCfg = Release|Any CPU
		{2A6DE154-ADD6-4485-B211-0B208E8524E7}.Release|Any CPU.Build.0 = Release|Any CPU
		{B151D05F-82E9-459A-832A-DE7B30912C4D}.Debug|Any CPU.ActiveCfg = Debug|Any CPU
		{B151D05F-82E9-459A-832A-DE7B30912C4D}.Debug|Any CPU.Build.0 = Debug|Any CPU
		{B151D05F-82E9-459A-832A-DE7B30912C4D}.Release|Any CPU.ActiveCfg = Release|Any CPU
		{B151D05F-82E9-459A-832A-DE7B30912C4D}.Release|Any CPU.Build.0 = Release|Any CPU
		{C8061EC4-EF38-4BB0-861B-9EB4BB628132}.Debug|Any CPU.ActiveCfg = Debug|Any CPU
		{C8061EC4-EF38-4BB0-861B-9EB4BB628132}.Debug|Any CPU.Build.0 = Debug|Any CPU
		{C8061EC4-EF38-4BB0-861B-9EB4BB628132}.Release|Any CPU.ActiveCfg = Release|Any CPU
		{C8061EC4-EF38-4BB0-861B-9EB4BB628132}.Release|Any CPU.Build.0 = Release|Any CPU
	EndGlobalSection
	GlobalSection(SolutionProperties) = preSolution
		HideSolutionNode = FALSE
	EndGlobalSection
	GlobalSection(NestedProjects) = preSolution
		{18F2BDED-6804-4B8C-A1EB-C3270CF6101C} = {818BDE0C-A6D6-4CD4-9F0C-5BF1AA115075}
		{063B5A7F-4AD4-44F4-B313-11346B351EB2} = {818BDE0C-A6D6-4CD4-9F0C-5BF1AA115075}
		{CA8BAD8E-D711-487F-BC7C-6F7BA991A248} = {F11FFED2-601E-4623-ABFA-BF1C9ABE4F14}
		{42890130-ADD9-4329-818A-2A257014E987} = {1AED4AF0-7C05-4AA6-8848-93306F074141}
		{F4B15B32-D3AF-46CB-AE95-977503287FEE} = {1AED4AF0-7C05-4AA6-8848-93306F074141}
		{2A6DE154-ADD6-4485-B211-0B208E8524E7} = {1AED4AF0-7C05-4AA6-8848-93306F074141}
	EndGlobalSection
	GlobalSection(ExtensibilityGlobals) = postSolution
		SolutionGuid = {8301410E-66BE-475E-BFB2-22E40D4C7DF4}
	EndGlobalSection
EndGlobal
